
Microsoft Visual Studio Solution File, Format Version 12.00
# Visual Studio Version 17
VisualStudioVersion = 17.12.35514.174
MinimumVisualStudioVersion = 10.0.40219.1
Project("{FAE04EC0-301F-11D3-BF4B-00C04F79EFBC}") = "Infastructure", "Infastructure\Infastructure.csproj", "{4C3793DE-12F2-4EB5-A1C7-AF2210EE65F5}"
EndProject
Project("{FAE04EC0-301F-11D3-BF4B-00C04F79EFBC}") = "Aplication", "Aplication\Aplication.csproj", "{72A70EB0-9AC9-4984-95CF-8AD500EE6FCB}"
EndProject
Project("{FAE04EC0-301F-11D3-BF4B-00C04F79EFBC}") = "WebAPI", "WebAPI\WebAPI.csproj", "{493554FD-FD05-41DF-A34C-9FFE55964D68}"
EndProject
Project("{2150E333-8FDC-42A3-9474-1A3956D46DE8}") = "Test", "Test", "{BE165691-C4A3-4683-96B3-91695125153C}"
EndProject
Project("{FAE04EC0-301F-11D3-BF4B-00C04F79EFBC}") = "Domain", "Domain\Domain.csproj", "{B9BD998F-60C3-4B92-8E2C-5779C7101E3C}"
EndProject
Project("{2150E333-8FDC-42A3-9474-1A3956D46DE8}") = "Solution Items", "Solution Items", "{82A4B3C1-2F99-492C-B4B7-1EC05AEAFAC3}"
EndProject
Global
	GlobalSection(SolutionConfigurationPlatforms) = preSolution
		Debug|Any CPU = Debug|Any CPU
		Release|Any CPU = Release|Any CPU
	EndGlobalSection
	GlobalSection(ProjectConfigurationPlatforms) = postSolution
		{4C3793DE-12F2-4EB5-A1C7-AF2210EE65F5}.Debug|Any CPU.ActiveCfg = Debug|Any CPU
		{4C3793DE-12F2-4EB5-A1C7-AF2210EE65F5}.Debug|Any CPU.Build.0 = Debug|Any CPU
		{4C3793DE-12F2-4EB5-A1C7-AF2210EE65F5}.Release|Any CPU.ActiveCfg = Release|Any CPU
		{4C3793DE-12F2-4EB5-A1C7-AF2210EE65F5}.Release|Any CPU.Build.0 = Release|Any CPU
		{72A70EB0-9AC9-4984-95CF-8AD500EE6FCB}.Debug|Any CPU.ActiveCfg = Debug|Any CPU
		{72A70EB0-9AC9-4984-95CF-8AD500EE6FCB}.Debug|Any CPU.Build.0 = Debug|Any CPU
		{72A70EB0-9AC9-4984-95CF-8AD500EE6FCB}.Release|Any CPU.ActiveCfg = Release|Any CPU
		{72A70EB0-9AC9-4984-95CF-8AD500EE6FCB}.Release|Any CPU.Build.0 = Release|Any CPU
		{493554FD-FD05-41DF-A34C-9FFE55964D68}.Debug|Any CPU.ActiveCfg = Debug|Any CPU
		{493554FD-FD05-41DF-A34C-9FFE55964D68}.Debug|Any CPU.Build.0 = Debug|Any CPU
		{493554FD-FD05-41DF-A34C-9FFE55964D68}.Release|Any CPU.ActiveCfg = Release|Any CPU
		{493554FD-FD05-41DF-A34C-9FFE55964D68}.Release|Any CPU.Build.0 = Release|Any CPU
		{B9BD998F-60C3-4B92-8E2C-5779C7101E3C}.Debug|Any CPU.ActiveCfg = Debug|Any CPU
		{B9BD998F-60C3-4B92-8E2C-5779C7101E3C}.Debug|Any CPU.Build.0 = Debug|Any CPU
		{B9BD998F-60C3-4B92-8E2C-5779C7101E3C}.Release|Any CPU.ActiveCfg = Release|Any CPU
		{B9BD998F-60C3-4B92-8E2C-5779C7101E3C}.Release|Any CPU.Build.0 = Release|Any CPU
	EndGlobalSection
	GlobalSection(SolutionProperties) = preSolution
		HideSolutionNode = FALSE
	EndGlobalSection
EndGlobal
